// !$*UTF8*$!
{
	archiveVersion = 1;
	classes = {
	};
	objectVersion = 46;
	objects = {

/* Begin PBXBuildFile section */
		CB056AD31D42A94200815473 /* SplitItemsViewController.swift in Sources */ = {isa = PBXBuildFile; fileRef = CB056AD11D42A94200815473 /* SplitItemsViewController.swift */; };
		CB056AD41D42A94200815473 /* SplitItemsViewController.xib in Resources */ = {isa = PBXBuildFile; fileRef = CB056AD21D42A94200815473 /* SplitItemsViewController.xib */; };
		CB909FF61D3977B800879608 /* AppDelegate.swift in Sources */ = {isa = PBXBuildFile; fileRef = CB909FF51D3977B800879608 /* AppDelegate.swift */; };
		CB909FF81D3977B800879608 /* ViewController.swift in Sources */ = {isa = PBXBuildFile; fileRef = CB909FF71D3977B800879608 /* ViewController.swift */; };
		CB909FFB1D3977B800879608 /* Main.storyboard in Resources */ = {isa = PBXBuildFile; fileRef = CB909FF91D3977B800879608 /* Main.storyboard */; };
		CB909FFD1D3977B800879608 /* Assets.xcassets in Resources */ = {isa = PBXBuildFile; fileRef = CB909FFC1D3977B800879608 /* Assets.xcassets */; };
		CB90A0001D3977B800879608 /* LaunchScreen.storyboard in Resources */ = {isa = PBXBuildFile; fileRef = CB909FFE1D3977B800879608 /* LaunchScreen.storyboard */; };
		CB9BA17A1D4049F7009286E5 /* AddPersonTableViewCell.swift in Sources */ = {isa = PBXBuildFile; fileRef = CB9BA1781D4049F7009286E5 /* AddPersonTableViewCell.swift */; };
		CB9BA17B1D4049F7009286E5 /* AddPersonTableViewCell.xib in Resources */ = {isa = PBXBuildFile; fileRef = CB9BA1791D4049F7009286E5 /* AddPersonTableViewCell.xib */; };
		CBAAC54F1D4197D2009A43E0 /* ContactManager.swift in Sources */ = {isa = PBXBuildFile; fileRef = CBAAC54E1D4197D2009A43E0 /* ContactManager.swift */; };
		CBB1B0FC1D4FC737002B1C2A /* AddEditItemViewController.swift in Sources */ = {isa = PBXBuildFile; fileRef = CBB1B0FA1D4FC737002B1C2A /* AddEditItemViewController.swift */; };
		CBB1B0FD1D4FC737002B1C2A /* AddEditItemViewController.xib in Resources */ = {isa = PBXBuildFile; fileRef = CBB1B0FB1D4FC737002B1C2A /* AddEditItemViewController.xib */; };
		CBB1B1041D4FD83F002B1C2A /* ItemHeaderTableViewCell.swift in Sources */ = {isa = PBXBuildFile; fileRef = CBB1B1021D4FD83F002B1C2A /* ItemHeaderTableViewCell.swift */; };
		CBB1B1051D4FD83F002B1C2A /* ItemHeaderTableViewCell.xib in Resources */ = {isa = PBXBuildFile; fileRef = CBB1B1031D4FD83F002B1C2A /* ItemHeaderTableViewCell.xib */; };
		CBEFCF861D414FA100ACF9EA /* AddContactViewController.swift in Sources */ = {isa = PBXBuildFile; fileRef = CBEFCF841D414FA100ACF9EA /* AddContactViewController.swift */; };
		CBEFCF871D414FA100ACF9EA /* AddContactViewController.xib in Resources */ = {isa = PBXBuildFile; fileRef = CBEFCF851D414FA100ACF9EA /* AddContactViewController.xib */; };
		CBEFCF8A1D41540700ACF9EA /* ContactTableViewCell.swift in Sources */ = {isa = PBXBuildFile; fileRef = CBEFCF881D41540700ACF9EA /* ContactTableViewCell.swift */; };
		CBEFCF8B1D41540700ACF9EA /* ContactTableViewCell.xib in Resources */ = {isa = PBXBuildFile; fileRef = CBEFCF891D41540700ACF9EA /* ContactTableViewCell.xib */; };
		CBEFCF8D1D4161E400ACF9EA /* Person.swift in Sources */ = {isa = PBXBuildFile; fileRef = CBEFCF8C1D4161E400ACF9EA /* Person.swift */; };
		CBEFCF921D41637400ACF9EA /* PhoneNumber.swift in Sources */ = {isa = PBXBuildFile; fileRef = CBEFCF911D41637400ACF9EA /* PhoneNumber.swift */; };
		CBEFCF941D4164EF00ACF9EA /* Item.swift in Sources */ = {isa = PBXBuildFile; fileRef = CBEFCF931D4164EF00ACF9EA /* Item.swift */; };
/* End PBXBuildFile section */

/* Begin PBXFileReference section */
		CB056AD11D42A94200815473 /* SplitItemsViewController.swift */ = {isa = PBXFileReference; fileEncoding = 4; lastKnownFileType = sourcecode.swift; path = SplitItemsViewController.swift; sourceTree = "<group>"; };
		CB056AD21D42A94200815473 /* SplitItemsViewController.xib */ = {isa = PBXFileReference; fileEncoding = 4; lastKnownFileType = file.xib; path = SplitItemsViewController.xib; sourceTree = "<group>"; };
		CB909FF21D3977B800879608 /* WhoOweMe.app */ = {isa = PBXFileReference; explicitFileType = wrapper.application; includeInIndex = 0; path = WhoOweMe.app; sourceTree = BUILT_PRODUCTS_DIR; };
		CB909FF51D3977B800879608 /* AppDelegate.swift */ = {isa = PBXFileReference; lastKnownFileType = sourcecode.swift; path = AppDelegate.swift; sourceTree = "<group>"; };
		CB909FF71D3977B800879608 /* ViewController.swift */ = {isa = PBXFileReference; lastKnownFileType = sourcecode.swift; path = ViewController.swift; sourceTree = "<group>"; };
		CB909FFA1D3977B800879608 /* Base */ = {isa = PBXFileReference; lastKnownFileType = file.storyboard; name = Base; path = Base.lproj/Main.storyboard; sourceTree = "<group>"; };
		CB909FFC1D3977B800879608 /* Assets.xcassets */ = {isa = PBXFileReference; lastKnownFileType = folder.assetcatalog; path = Assets.xcassets; sourceTree = "<group>"; };
		CB909FFF1D3977B800879608 /* Base */ = {isa = PBXFileReference; lastKnownFileType = file.storyboard; name = Base; path = Base.lproj/LaunchScreen.storyboard; sourceTree = "<group>"; };
		CB90A0011D3977B800879608 /* Info.plist */ = {isa = PBXFileReference; lastKnownFileType = text.plist.xml; path = Info.plist; sourceTree = "<group>"; };
		CB9BA1781D4049F7009286E5 /* AddPersonTableViewCell.swift */ = {isa = PBXFileReference; fileEncoding = 4; lastKnownFileType = sourcecode.swift; name = AddPersonTableViewCell.swift; path = ../AddPersonTableViewCell.swift; sourceTree = "<group>"; };
		CB9BA1791D4049F7009286E5 /* AddPersonTableViewCell.xib */ = {isa = PBXFileReference; fileEncoding = 4; lastKnownFileType = file.xib; name = AddPersonTableViewCell.xib; path = ../AddPersonTableViewCell.xib; sourceTree = "<group>"; };
		CBAAC54E1D4197D2009A43E0 /* ContactManager.swift */ = {isa = PBXFileReference; fileEncoding = 4; lastKnownFileType = sourcecode.swift; name = ContactManager.swift; path = ../ContactManager.swift; sourceTree = "<group>"; };
		CBB1B0FA1D4FC737002B1C2A /* AddEditItemViewController.swift */ = {isa = PBXFileReference; fileEncoding = 4; lastKnownFileType = sourcecode.swift; name = AddEditItemViewController.swift; path = ../AddEditItemViewController.swift; sourceTree = "<group>"; };
		CBB1B0FB1D4FC737002B1C2A /* AddEditItemViewController.xib */ = {isa = PBXFileReference; fileEncoding = 4; lastKnownFileType = file.xib; name = AddEditItemViewController.xib; path = ../AddEditItemViewController.xib; sourceTree = "<group>"; };
		CBB1B1021D4FD83F002B1C2A /* ItemHeaderTableViewCell.swift */ = {isa = PBXFileReference; fileEncoding = 4; lastKnownFileType = sourcecode.swift; name = ItemHeaderTableViewCell.swift; path = ../ItemHeaderTableViewCell.swift; sourceTree = "<group>"; };
		CBB1B1031D4FD83F002B1C2A /* ItemHeaderTableViewCell.xib */ = {isa = PBXFileReference; fileEncoding = 4; lastKnownFileType = file.xib; name = ItemHeaderTableViewCell.xib; path = ../ItemHeaderTableViewCell.xib; sourceTree = "<group>"; };
		CBEFCF841D414FA100ACF9EA /* AddContactViewController.swift */ = {isa = PBXFileReference; fileEncoding = 4; lastKnownFileType = sourcecode.swift; path = AddContactViewController.swift; sourceTree = "<group>"; };
		CBEFCF851D414FA100ACF9EA /* AddContactViewController.xib */ = {isa = PBXFileReference; fileEncoding = 4; lastKnownFileType = file.xib; path = AddContactViewController.xib; sourceTree = "<group>"; };
		CBEFCF881D41540700ACF9EA /* ContactTableViewCell.swift */ = {isa = PBXFileReference; fileEncoding = 4; lastKnownFileType = sourcecode.swift; path = ContactTableViewCell.swift; sourceTree = "<group>"; };
		CBEFCF891D41540700ACF9EA /* ContactTableViewCell.xib */ = {isa = PBXFileReference; fileEncoding = 4; lastKnownFileType = file.xib; path = ContactTableViewCell.xib; sourceTree = "<group>"; };
		CBEFCF8C1D4161E400ACF9EA /* Person.swift */ = {isa = PBXFileReference; fileEncoding = 4; lastKnownFileType = sourcecode.swift; name = Person.swift; path = ../Person.swift; sourceTree = "<group>"; };
		CBEFCF911D41637400ACF9EA /* PhoneNumber.swift */ = {isa = PBXFileReference; fileEncoding = 4; lastKnownFileType = sourcecode.swift; path = PhoneNumber.swift; sourceTree = "<group>"; };
		CBEFCF931D4164EF00ACF9EA /* Item.swift */ = {isa = PBXFileReference; fileEncoding = 4; lastKnownFileType = sourcecode.swift; path = Item.swift; sourceTree = "<group>"; };
/* End PBXFileReference section */

/* Begin PBXFrameworksBuildPhase section */
		CB909FEF1D3977B800879608 /* Frameworks */ = {
			isa = PBXFrameworksBuildPhase;
			buildActionMask = 2147483647;
			files = (
			);
			runOnlyForDeploymentPostprocessing = 0;
		};
/* End PBXFrameworksBuildPhase section */

/* Begin PBXGroup section */
		CB909FE91D3977B800879608 = {
			isa = PBXGroup;
			children = (
				CB909FF41D3977B800879608 /* WhoOweMe */,
				CB909FF31D3977B800879608 /* Products */,
			);
			sourceTree = "<group>";
		};
		CB909FF31D3977B800879608 /* Products */ = {
			isa = PBXGroup;
			children = (
				CB909FF21D3977B800879608 /* WhoOweMe.app */,
			);
			name = Products;
			sourceTree = "<group>";
		};
		CB909FF41D3977B800879608 /* WhoOweMe */ = {
			isa = PBXGroup;
			children = (
				CB909FF51D3977B800879608 /* AppDelegate.swift */,
				CB909FF91D3977B800879608 /* Main.storyboard */,
				CBEFCF8F1D41620500ACF9EA /* View */,
				CBEFCF901D41620B00ACF9EA /* Control */,
				CBEFCF8E1D4161FD00ACF9EA /* Model */,
				CB909FFC1D3977B800879608 /* Assets.xcassets */,
				CB909FFE1D3977B800879608 /* LaunchScreen.storyboard */,
				CB90A0011D3977B800879608 /* Info.plist */,
			);
			path = WhoOweMe;
			sourceTree = "<group>";
		};
		CBEFCF8E1D4161FD00ACF9EA /* Model */ = {
			isa = PBXGroup;
			children = (
				CBAAC54E1D4197D2009A43E0 /* ContactManager.swift */,
				CBEFCF931D4164EF00ACF9EA /* Item.swift */,
				CBEFCF8C1D4161E400ACF9EA /* Person.swift */,
				CBEFCF911D41637400ACF9EA /* PhoneNumber.swift */,
			);
			name = Model;
			sourceTree = "<group>";
		};
		CBEFCF8F1D41620500ACF9EA /* View */ = {
			isa = PBXGroup;
			children = (
				CBEFCF851D414FA100ACF9EA /* AddContactViewController.xib */,
				CBB1B0FB1D4FC737002B1C2A /* AddEditItemViewController.xib */,
				CB9BA1791D4049F7009286E5 /* AddPersonTableViewCell.xib */,
				CBEFCF891D41540700ACF9EA /* ContactTableViewCell.xib */,
				CBB1B1031D4FD83F002B1C2A /* ItemHeaderTableViewCell.xib */,
				CB056AD21D42A94200815473 /* SplitItemsViewController.xib */,
			);
			name = View;
			sourceTree = "<group>";
		};
		CBEFCF901D41620B00ACF9EA /* Control */ = {
			isa = PBXGroup;
			children = (
				CBEFCF841D414FA100ACF9EA /* AddContactViewController.swift */,
				CBB1B0FA1D4FC737002B1C2A /* AddEditItemViewController.swift */,
				CB9BA1781D4049F7009286E5 /* AddPersonTableViewCell.swift */,
				CBEFCF881D41540700ACF9EA /* ContactTableViewCell.swift */,
				CBB1B1021D4FD83F002B1C2A /* ItemHeaderTableViewCell.swift */,
				CB056AD11D42A94200815473 /* SplitItemsViewController.swift */,
				CB909FF71D3977B800879608 /* ViewController.swift */,
			);
			name = Control;
			sourceTree = "<group>";
		};
/* End PBXGroup section */

/* Begin PBXNativeTarget section */
		CB909FF11D3977B800879608 /* WhoOweMe */ = {
			isa = PBXNativeTarget;
			buildConfigurationList = CB90A0041D3977B800879608 /* Build configuration list for PBXNativeTarget "WhoOweMe" */;
			buildPhases = (
				CB909FEE1D3977B800879608 /* Sources */,
				CB909FEF1D3977B800879608 /* Frameworks */,
				CB909FF01D3977B800879608 /* Resources */,
			);
			buildRules = (
			);
			dependencies = (
			);
			name = WhoOweMe;
			productName = WhoOweMe;
			productReference = CB909FF21D3977B800879608 /* WhoOweMe.app */;
			productType = "com.apple.product-type.application";
		};
/* End PBXNativeTarget section */

/* Begin PBXProject section */
		CB909FEA1D3977B800879608 /* Project object */ = {
			isa = PBXProject;
			attributes = {
				LastSwiftUpdateCheck = 0730;
				LastUpgradeCheck = 0730;
				ORGANIZATIONNAME = "Nick Barton";
				TargetAttributes = {
					CB909FF11D3977B800879608 = {
						CreatedOnToolsVersion = 7.3.1;
					};
				};
			};
			buildConfigurationList = CB909FED1D3977B800879608 /* Build configuration list for PBXProject "WhoOweMe" */;
			compatibilityVersion = "Xcode 3.2";
			developmentRegion = English;
			hasScannedForEncodings = 0;
			knownRegions = (
				en,
				Base,
			);
			mainGroup = CB909FE91D3977B800879608;
			productRefGroup = CB909FF31D3977B800879608 /* Products */;
			projectDirPath = "";
			projectRoot = "";
			targets = (
				CB909FF11D3977B800879608 /* WhoOweMe */,
			);
		};
/* End PBXProject section */

/* Begin PBXResourcesBuildPhase section */
		CB909FF01D3977B800879608 /* Resources */ = {
			isa = PBXResourcesBuildPhase;
			buildActionMask = 2147483647;
			files = (
				CB056AD41D42A94200815473 /* SplitItemsViewController.xib in Resources */,
				CBEFCF8B1D41540700ACF9EA /* ContactTableViewCell.xib in Resources */,
				CB90A0001D3977B800879608 /* LaunchScreen.storyboard in Resources */,
				CBB1B1051D4FD83F002B1C2A /* ItemHeaderTableViewCell.xib in Resources */,
				CBB1B0FD1D4FC737002B1C2A /* AddEditItemViewController.xib in Resources */,
				CBEFCF871D414FA100ACF9EA /* AddContactViewController.xib in Resources */,
				CB909FFD1D3977B800879608 /* Assets.xcassets in Resources */,
				CB9BA17B1D4049F7009286E5 /* AddPersonTableViewCell.xib in Resources */,
				CB909FFB1D3977B800879608 /* Main.storyboard in Resources */,
			);
			runOnlyForDeploymentPostprocessing = 0;
		};
/* End PBXResourcesBuildPhase section */

/* Begin PBXSourcesBuildPhase section */
		CB909FEE1D3977B800879608 /* Sources */ = {
			isa = PBXSourcesBuildPhase;
			buildActionMask = 2147483647;
			files = (
				CB056AD31D42A94200815473 /* SplitItemsViewController.swift in Sources */,
				CBEFCF8D1D4161E400ACF9EA /* Person.swift in Sources */,
				CBEFCF921D41637400ACF9EA /* PhoneNumber.swift in Sources */,
				CBB1B1041D4FD83F002B1C2A /* ItemHeaderTableViewCell.swift in Sources */,
				CBEFCF861D414FA100ACF9EA /* AddContactViewController.swift in Sources */,
				CBEFCF8A1D41540700ACF9EA /* ContactTableViewCell.swift in Sources */,
				CBEFCF941D4164EF00ACF9EA /* Item.swift in Sources */,
				CB909FF81D3977B800879608 /* ViewController.swift in Sources */,
				CB909FF61D3977B800879608 /* AppDelegate.swift in Sources */,
				CBAAC54F1D4197D2009A43E0 /* ContactManager.swift in Sources */,
				CBB1B0FC1D4FC737002B1C2A /* AddEditItemViewController.swift in Sources */,
				CB9BA17A1D4049F7009286E5 /* AddPersonTableViewCell.swift in Sources */,
			);
			runOnlyForDeploymentPostprocessing = 0;
		};
/* End PBXSourcesBuildPhase section */

/* Begin PBXVariantGroup section */
		CB909FF91D3977B800879608 /* Main.storyboard */ = {
			isa = PBXVariantGroup;
			children = (
				CB909FFA1D3977B800879608 /* Base */,
			);
			name = Main.storyboard;
			sourceTree = "<group>";
		};
		CB909FFE1D3977B800879608 /* LaunchScreen.storyboard */ = {
			isa = PBXVariantGroup;
			children = (
				CB909FFF1D3977B800879608 /* Base */,
			);
			name = LaunchScreen.storyboard;
			sourceTree = "<group>";
		};
/* End PBXVariantGroup section */

/* Begin XCBuildConfiguration section */
		CB90A0021D3977B800879608 /* Debug */ = {
			isa = XCBuildConfiguration;
			buildSettings = {
				ALWAYS_SEARCH_USER_PATHS = NO;
				CLANG_ANALYZER_NONNULL = YES;
				CLANG_CXX_LANGUAGE_STANDARD = "gnu++0x";
				CLANG_CXX_LIBRARY = "libc++";
				CLANG_ENABLE_MODULES = YES;
				CLANG_ENABLE_OBJC_ARC = YES;
				CLANG_WARN_BOOL_CONVERSION = YES;
				CLANG_WARN_CONSTANT_CONVERSION = YES;
				CLANG_WARN_DIRECT_OBJC_ISA_USAGE = YES_ERROR;
				CLANG_WARN_EMPTY_BODY = YES;
				CLANG_WARN_ENUM_CONVERSION = YES;
				CLANG_WARN_INT_CONVERSION = YES;
				CLANG_WARN_OBJC_ROOT_CLASS = YES_ERROR;
				CLANG_WARN_UNREACHABLE_CODE = YES;
				CLANG_WARN__DUPLICATE_METHOD_MATCH = YES;
				"CODE_SIGN_IDENTITY[sdk=iphoneos*]" = "iPhone Developer";
				COPY_PHASE_STRIP = NO;
				DEBUG_INFORMATION_FORMAT = dwarf;
				ENABLE_STRICT_OBJC_MSGSEND = YES;
				ENABLE_TESTABILITY = YES;
				GCC_C_LANGUAGE_STANDARD = gnu99;
				GCC_DYNAMIC_NO_PIC = NO;
				GCC_NO_COMMON_BLOCKS = YES;
				GCC_OPTIMIZATION_LEVEL = 0;
				GCC_PREPROCESSOR_DEFINITIONS = (
					"DEBUG=1",
					"$(inherited)",
				);
				GCC_WARN_64_TO_32_BIT_CONVERSION = YES;
				GCC_WARN_ABOUT_RETURN_TYPE = YES_ERROR;
				GCC_WARN_UNDECLARED_SELECTOR = YES;
				GCC_WARN_UNINITIALIZED_AUTOS = YES_AGGRESSIVE;
				GCC_WARN_UNUSED_FUNCTION = YES;
				GCC_WARN_UNUSED_VARIABLE = YES;
				IPHONEOS_DEPLOYMENT_TARGET = 9.3;
				MTL_ENABLE_DEBUG_INFO = YES;
				ONLY_ACTIVE_ARCH = YES;
				SDKROOT = iphoneos;
				SWIFT_OPTIMIZATION_LEVEL = "-Onone";
			};
			name = Debug;
		};
		CB90A0031D3977B800879608 /* Release */ = {
			isa = XCBuildConfiguration;
			buildSettings = {
				ALWAYS_SEARCH_USER_PATHS = NO;
				CLANG_ANALYZER_NONNULL = YES;
				CLANG_CXX_LANGUAGE_STANDARD = "gnu++0x";
				CLANG_CXX_LIBRARY = "libc++";
				CLANG_ENABLE_MODULES = YES;
				CLANG_ENABLE_OBJC_ARC = YES;
				CLANG_WARN_BOOL_CONVERSION = YES;
				CLANG_WARN_CONSTANT_CONVERSION = YES;
				CLANG_WARN_DIRECT_OBJC_ISA_USAGE = YES_ERROR;
				CLANG_WARN_EMPTY_BODY = YES;
				CLANG_WARN_ENUM_CONVERSION = YES;
				CLANG_WARN_INT_CONVERSION = YES;
				CLANG_WARN_OBJC_ROOT_CLASS = YES_ERROR;
				CLANG_WARN_UNREACHABLE_CODE = YES;
				CLANG_WARN__DUPLICATE_METHOD_MATCH = YES;
				"CODE_SIGN_IDENTITY[sdk=iphoneos*]" = "iPhone Developer";
				COPY_PHASE_STRIP = NO;
				DEBUG_INFORMATION_FORMAT = "dwarf-with-dsym";
				ENABLE_NS_ASSERTIONS = NO;
				ENABLE_STRICT_OBJC_MSGSEND = YES;
				GCC_C_LANGUAGE_STANDARD = gnu99;
				GCC_NO_COMMON_BLOCKS = YES;
				GCC_WARN_64_TO_32_BIT_CONVERSION = YES;
				GCC_WARN_ABOUT_RETURN_TYPE = YES_ERROR;
				GCC_WARN_UNDECLARED_SELECTOR = YES;
				GCC_WARN_UNINITIALIZED_AUTOS = YES_AGGRESSIVE;
				GCC_WARN_UNUSED_FUNCTION = YES;
				GCC_WARN_UNUSED_VARIABLE = YES;
				IPHONEOS_DEPLOYMENT_TARGET = 9.3;
				MTL_ENABLE_DEBUG_INFO = NO;
				SDKROOT = iphoneos;
				VALIDATE_PRODUCT = YES;
			};
			name = Release;
		};
		CB90A0051D3977B800879608 /* Debug */ = {
			isa = XCBuildConfiguration;
			buildSettings = {
				ASSETCATALOG_COMPILER_APPICON_NAME = AppIcon;
				INFOPLIST_FILE = WhoOweMe/Info.plist;
				LD_RUNPATH_SEARCH_PATHS = "$(inherited) @executable_path/Frameworks";
				PRODUCT_BUNDLE_IDENTIFIER = npb.WhoOweMe;
				PRODUCT_NAME = "$(TARGET_NAME)";
			};
			name = Debug;
		};
		CB90A0061D3977B800879608 /* Release */ = {
			isa = XCBuildConfiguration;
			buildSettings = {
				ASSETCATALOG_COMPILER_APPICON_NAME = AppIcon;
				INFOPLIST_FILE = WhoOweMe/Info.plist;
				LD_RUNPATH_SEARCH_PATHS = "$(inherited) @executable_path/Frameworks";
				PRODUCT_BUNDLE_IDENTIFIER = npb.WhoOweMe;
				PRODUCT_NAME = "$(TARGET_NAME)";
			};
			name = Release;
		};
/* End XCBuildConfiguration section */

/* Begin XCConfigurationList section */
		CB909FED1D3977B800879608 /* Build configuration list for PBXProject "WhoOweMe" */ = {
			isa = XCConfigurationList;
			buildConfigurations = (
				CB90A0021D3977B800879608 /* Debug */,
				CB90A0031D3977B800879608 /* Release */,
			);
			defaultConfigurationIsVisible = 0;
			defaultConfigurationName = Release;
		};
		CB90A0041D3977B800879608 /* Build configuration list for PBXNativeTarget "WhoOweMe" */ = {
			isa = XCConfigurationList;
			buildConfigurations = (
				CB90A0051D3977B800879608 /* Debug */,
				CB90A0061D3977B800879608 /* Release */,
			);
			defaultConfigurationIsVisible = 0;
			defaultConfigurationName = Release;
		};
/* End XCConfigurationList section */
	};
	rootObject = CB909FEA1D3977B800879608 /* Project object */;
}
